
Microsoft Visual Studio Solution File, Format Version 12.00
# Visual Studio Version 17
VisualStudioVersion = 17.2.32630.192
MinimumVisualStudioVersion = 10.0.40219.1
Project("{9A19103F-16F7-4668-BE54-9A1E7A4F7556}") = "CookingByMe_back", "CookingByMe_back\CookingByMe_back.csproj", "{8A330C73-0D6B-4EA3-9B46-190C570AF4C2}"
EndProject
Project("{FAE04EC0-301F-11D3-BF4B-00C04F79EFBC}") = "CookingByMe_back_models", "Entity\CookingByMe_back_models.csproj", "{0176F19E-6489-48A3-9EBE-E825A6DB4CF7}"
EndProject
Global
	GlobalSection(SolutionConfigurationPlatforms) = preSolution
		Debug|Any CPU = Debug|Any CPU
		Release|Any CPU = Release|Any CPU
	EndGlobalSection
	GlobalSection(ProjectConfigurationPlatforms) = postSolution
		{8A330C73-0D6B-4EA3-9B46-190C570AF4C2}.Debug|Any CPU.ActiveCfg = Debug|Any CPU
		{8A330C73-0D6B-4EA3-9B46-190C570AF4C2}.Debug|Any CPU.Build.0 = Debug|Any CPU
		{8A330C73-0D6B-4EA3-9B46-190C570AF4C2}.Release|Any CPU.ActiveCfg = Release|Any CPU
		{8A330C73-0D6B-4EA3-9B46-190C570AF4C2}.Release|Any CPU.Build.0 = Release|Any CPU
		{0176F19E-6489-48A3-9EBE-E825A6DB4CF7}.Debug|Any CPU.ActiveCfg = Debug|Any CPU
		{0176F19E-6489-48A3-9EBE-E825A6DB4CF7}.Debug|Any CPU.Build.0 = Debug|Any CPU
		{0176F19E-6489-48A3-9EBE-E825A6DB4CF7}.Release|Any CPU.ActiveCfg = Release|Any CPU
		{0176F19E-6489-48A3-9EBE-E825A6DB4CF7}.Release|Any CPU.Build.0 = Release|Any CPU
	EndGlobalSection
	GlobalSection(SolutionProperties) = preSolution
		HideSolutionNode = FALSE
	EndGlobalSection
	GlobalSection(ExtensibilityGlobals) = postSolution
		SolutionGuid = {2A8C45D6-C104-4258-BBA9-8B14F5829A96}
	EndGlobalSection
EndGlobal
